
Microsoft Visual Studio Solution File, Format Version 12.00
# Visual Studio 15
Project("{FAE04EC0-301F-11D3-BF4B-00C04F79EFBC}") = "VFolders", "VFolders.csproj", "{231A6645-72E0-0753-54E0-3FA5F8A4BE10}"
EndProject
Project("{FAE04EC0-301F-11D3-BF4B-00C04F79EFBC}") = "Assembly-CSharp", "Assembly-CSharp.csproj", "{6800A9A5-10CD-E6D5-BAFF-F99556073D2C}"
EndProject
Project("{FAE04EC0-301F-11D3-BF4B-00C04F79EFBC}") = "VHierarchy", "VHierarchy.csproj", "{DB3473C8-24CD-8E19-D9AE-3EF6344265EA}"
EndProject
Project("{FAE04EC0-301F-11D3-BF4B-00C04F79EFBC}") = "Assembly-CSharp-firstpass", "Assembly-CSharp-firstpass.csproj", "{F30A5CE2-C099-A6A7-70ED-9F023EDF25BB}"
EndProject
Project("{FAE04EC0-301F-11D3-BF4B-00C04F79EFBC}") = "Assembly-CSharp-Editor", "Assembly-CSharp-Editor.csproj", "{0CAA245F-07E5-5E46-4879-D77ABADCF3FB}"
EndProject
Project("{FAE04EC0-301F-11D3-BF4B-00C04F79EFBC}") = "VFavorites", "VFavorites.csproj", "{E2150896-519B-43A3-E223-515A76C0051C}"
EndProject
Project("{FAE04EC0-301F-11D3-BF4B-00C04F79EFBC}") = "VTabs", "VTabs.csproj", "{A0674217-3EDB-08F8-1787-E8A69DF7E84B}"
EndProject
Global
	GlobalSection(SolutionConfigurationPlatforms) = preSolution
		Debug|Any CPU = Debug|Any CPU
		Release|Any CPU = Release|Any CPU
	EndGlobalSection
	GlobalSection(ProjectConfigurationPlatforms) = postSolution
		{231A6645-72E0-0753-54E0-3FA5F8A4BE10}.Debug|Any CPU.ActiveCfg = Debug|Any CPU
		{231A6645-72E0-0753-54E0-3FA5F8A4BE10}.Debug|Any CPU.Build.0 = Debug|Any CPU
		{231A6645-72E0-0753-54E0-3FA5F8A4BE10}.Release|Any CPU.ActiveCfg = Release|Any CPU
		{231A6645-72E0-0753-54E0-3FA5F8A4BE10}.Release|Any CPU.Build.0 = Release|Any CPU
		{6800A9A5-10CD-E6D5-BAFF-F99556073D2C}.Debug|Any CPU.ActiveCfg = Debug|Any CPU
		{6800A9A5-10CD-E6D5-BAFF-F99556073D2C}.Debug|Any CPU.Build.0 = Debug|Any CPU
		{6800A9A5-10CD-E6D5-BAFF-F99556073D2C}.Release|Any CPU.ActiveCfg = Release|Any CPU
		{6800A9A5-10CD-E6D5-BAFF-F99556073D2C}.Release|Any CPU.Build.0 = Release|Any CPU
		{DB3473C8-24CD-8E19-D9AE-3EF6344265EA}.Debug|Any CPU.ActiveCfg = Debug|Any CPU
		{DB3473C8-24CD-8E19-D9AE-3EF6344265EA}.Debug|Any CPU.Build.0 = Debug|Any CPU
		{DB3473C8-24CD-8E19-D9AE-3EF6344265EA}.Release|Any CPU.ActiveCfg = Release|Any CPU
		{DB3473C8-24CD-8E19-D9AE-3EF6344265EA}.Release|Any CPU.Build.0 = Release|Any CPU
		{F30A5CE2-C099-A6A7-70ED-9F023EDF25BB}.Debug|Any CPU.ActiveCfg = Debug|Any CPU
		{F30A5CE2-C099-A6A7-70ED-9F023EDF25BB}.Debug|Any CPU.Build.0 = Debug|Any CPU
		{F30A5CE2-C099-A6A7-70ED-9F023EDF25BB}.Release|Any CPU.ActiveCfg = Release|Any CPU
		{F30A5CE2-C099-A6A7-70ED-9F023EDF25BB}.Release|Any CPU.Build.0 = Release|Any CPU
		{0CAA245F-07E5-5E46-4879-D77ABADCF3FB}.Debug|Any CPU.ActiveCfg = Debug|Any CPU
		{0CAA245F-07E5-5E46-4879-D77ABADCF3FB}.Debug|Any CPU.Build.0 = Debug|Any CPU
		{0CAA245F-07E5-5E46-4879-D77ABADCF3FB}.Release|Any CPU.ActiveCfg = Release|Any CPU
		{0CAA245F-07E5-5E46-4879-D77ABADCF3FB}.Release|Any CPU.Build.0 = Release|Any CPU
		{E2150896-519B-43A3-E223-515A76C0051C}.Debug|Any CPU.ActiveCfg = Debug|Any CPU
		{E2150896-519B-43A3-E223-515A76C0051C}.Debug|Any CPU.Build.0 = Debug|Any CPU
		{E2150896-519B-43A3-E223-515A76C0051C}.Release|Any CPU.ActiveCfg = Release|Any CPU
		{E2150896-519B-43A3-E223-515A76C0051C}.Release|Any CPU.Build.0 = Release|Any CPU
		{A0674217-3EDB-08F8-1787-E8A69DF7E84B}.Debug|Any CPU.ActiveCfg = Debug|Any CPU
		{A0674217-3EDB-08F8-1787-E8A69DF7E84B}.Debug|Any CPU.Build.0 = Debug|Any CPU
		{A0674217-3EDB-08F8-1787-E8A69DF7E84B}.Release|Any CPU.ActiveCfg = Release|Any CPU
		{A0674217-3EDB-08F8-1787-E8A69DF7E84B}.Release|Any CPU.Build.0 = Release|Any CPU
	EndGlobalSection
	GlobalSection(SolutionProperties) = preSolution
		HideSolutionNode = FALSE
	EndGlobalSection
EndGlobal
